// !$*UTF8*$!
{
	archiveVersion = 1;
	classes = {
	};
	objectVersion = 50;
	objects = {

/* Begin PBXBuildFile section */
		EBD8F10C233C26DC002ED00A /* AppDelegate.swift in Sources */ = {isa = PBXBuildFile; fileRef = EBD8F10B233C26DC002ED00A /* AppDelegate.swift */; };
		EBD8F10E233C26DC002ED00A /* ViewController.swift in Sources */ = {isa = PBXBuildFile; fileRef = EBD8F10D233C26DC002ED00A /* ViewController.swift */; };
		EBD8F111233C26DC002ED00A /* Main.storyboard in Resources */ = {isa = PBXBuildFile; fileRef = EBD8F10F233C26DC002ED00A /* Main.storyboard */; };
		EBD8F113233C26DD002ED00A /* Assets.xcassets in Resources */ = {isa = PBXBuildFile; fileRef = EBD8F112233C26DD002ED00A /* Assets.xcassets */; };
		EBD8F116233C26DD002ED00A /* LaunchScreen.storyboard in Resources */ = {isa = PBXBuildFile; fileRef = EBD8F114233C26DD002ED00A /* LaunchScreen.storyboard */; };
		EBD8F11E233C2798002ED00A /* Model.swift in Sources */ = {isa = PBXBuildFile; fileRef = EBD8F11D233C2798002ED00A /* Model.swift */; };
		EBD8F120233C2885002ED00A /* Dataservice.swift in Sources */ = {isa = PBXBuildFile; fileRef = EBD8F11F233C2885002ED00A /* Dataservice.swift */; };
		EBD8F122233C2BB5002ED00A /* customTableViewCell.swift in Sources */ = {isa = PBXBuildFile; fileRef = EBD8F121233C2BB5002ED00A /* customTableViewCell.swift */; };
/* End PBXBuildFile section */

/* Begin PBXFileReference section */
		EBD8F108233C26DC002ED00A /* GetDataGitLoadMore.app */ = {isa = PBXFileReference; explicitFileType = wrapper.application; includeInIndex = 0; path = GetDataGitLoadMore.app; sourceTree = BUILT_PRODUCTS_DIR; };
		EBD8F10B233C26DC002ED00A /* AppDelegate.swift */ = {isa = PBXFileReference; lastKnownFileType = sourcecode.swift; path = AppDelegate.swift; sourceTree = "<group>"; };
		EBD8F10D233C26DC002ED00A /* ViewController.swift */ = {isa = PBXFileReference; lastKnownFileType = sourcecode.swift; path = ViewController.swift; sourceTree = "<group>"; };
		EBD8F110233C26DC002ED00A /* Base */ = {isa = PBXFileReference; lastKnownFileType = file.storyboard; name = Base; path = Base.lproj/Main.storyboard; sourceTree = "<group>"; };
		EBD8F112233C26DD002ED00A /* Assets.xcassets */ = {isa = PBXFileReference; lastKnownFileType = folder.assetcatalog; path = Assets.xcassets; sourceTree = "<group>"; };
		EBD8F115233C26DD002ED00A /* Base */ = {isa = PBXFileReference; lastKnownFileType = file.storyboard; name = Base; path = Base.lproj/LaunchScreen.storyboard; sourceTree = "<group>"; };
		EBD8F117233C26DD002ED00A /* Info.plist */ = {isa = PBXFileReference; lastKnownFileType = text.plist.xml; path = Info.plist; sourceTree = "<group>"; };
		EBD8F11D233C2798002ED00A /* Model.swift */ = {isa = PBXFileReference; lastKnownFileType = sourcecode.swift; path = Model.swift; sourceTree = "<group>"; };
		EBD8F11F233C2885002ED00A /* Dataservice.swift */ = {isa = PBXFileReference; lastKnownFileType = sourcecode.swift; path = Dataservice.swift; sourceTree = "<group>"; };
		EBD8F121233C2BB5002ED00A /* customTableViewCell.swift */ = {isa = PBXFileReference; lastKnownFileType = sourcecode.swift; path = customTableViewCell.swift; sourceTree = "<group>"; };
/* End PBXFileReference section */

/* Begin PBXFrameworksBuildPhase section */
		EBD8F105233C26DC002ED00A /* Frameworks */ = {
			isa = PBXFrameworksBuildPhase;
			buildActionMask = 2147483647;
			files = (
			);
			runOnlyForDeploymentPostprocessing = 0;
		};
/* End PBXFrameworksBuildPhase section */

/* Begin PBXGroup section */
		EBD8F0FF233C26DC002ED00A = {
			isa = PBXGroup;
			children = (
				EBD8F10A233C26DC002ED00A /* GetDataGitLoadMore */,
				EBD8F109233C26DC002ED00A /* Products */,
			);
			sourceTree = "<group>";
		};
		EBD8F109233C26DC002ED00A /* Products */ = {
			isa = PBXGroup;
			children = (
				EBD8F108233C26DC002ED00A /* GetDataGitLoadMore.app */,
			);
			name = Products;
			sourceTree = "<group>";
		};
		EBD8F10A233C26DC002ED00A /* GetDataGitLoadMore */ = {
			isa = PBXGroup;
			children = (
				EBD8F10B233C26DC002ED00A /* AppDelegate.swift */,
				EBD8F10D233C26DC002ED00A /* ViewController.swift */,
				EBD8F10F233C26DC002ED00A /* Main.storyboard */,
				EBD8F121233C2BB5002ED00A /* customTableViewCell.swift */,
				EBD8F11D233C2798002ED00A /* Model.swift */,
				EBD8F11F233C2885002ED00A /* Dataservice.swift */,
				EBD8F112233C26DD002ED00A /* Assets.xcassets */,
				EBD8F114233C26DD002ED00A /* LaunchScreen.storyboard */,
				EBD8F117233C26DD002ED00A /* Info.plist */,
			);
			path = GetDataGitLoadMore;
			sourceTree = "<group>";
		};
/* End PBXGroup section */

/* Begin PBXNativeTarget section */
		EBD8F107233C26DC002ED00A /* GetDataGitLoadMore */ = {
			isa = PBXNativeTarget;
			buildConfigurationList = EBD8F11A233C26DD002ED00A /* Build configuration list for PBXNativeTarget "GetDataGitLoadMore" */;
			buildPhases = (
				EBD8F104233C26DC002ED00A /* Sources */,
				EBD8F105233C26DC002ED00A /* Frameworks */,
				EBD8F106233C26DC002ED00A /* Resources */,
			);
			buildRules = (
			);
			dependencies = (
			);
			name = GetDataGitLoadMore;
			productName = GetDataGitLoadMore;
			productReference = EBD8F108233C26DC002ED00A /* GetDataGitLoadMore.app */;
			productType = "com.apple.product-type.application";
		};
/* End PBXNativeTarget section */

/* Begin PBXProject section */
		EBD8F100233C26DC002ED00A /* Project object */ = {
			isa = PBXProject;
			attributes = {
				LastSwiftUpdateCheck = 1010;
				LastUpgradeCheck = 1010;
				ORGANIZATIONNAME = "Minh Thang";
				TargetAttributes = {
					EBD8F107233C26DC002ED00A = {
						CreatedOnToolsVersion = 10.1;
					};
				};
			};
			buildConfigurationList = EBD8F103233C26DC002ED00A /* Build configuration list for PBXProject "GetDataGitLoadMore" */;
			compatibilityVersion = "Xcode 9.3";
			developmentRegion = en;
			hasScannedForEncodings = 0;
			knownRegions = (
				en,
				Base,
			);
			mainGroup = EBD8F0FF233C26DC002ED00A;
			productRefGroup = EBD8F109233C26DC002ED00A /* Products */;
			projectDirPath = "";
			projectRoot = "";
			targets = (
				EBD8F107233C26DC002ED00A /* GetDataGitLoadMore */,
			);
		};
/* End PBXProject section */

/* Begin PBXResourcesBuildPhase section */
		EBD8F106233C26DC002ED00A /* Resources */ = {
			isa = PBXResourcesBuildPhase;
			buildActionMask = 2147483647;
			files = (
				EBD8F116233C26DD002ED00A /* LaunchScreen.storyboard in Resources */,
				EBD8F113233C26DD002ED00A /* Assets.xcassets in Resources */,
				EBD8F111233C26DC002ED00A /* Main.storyboard in Resources */,
			);
			runOnlyForDeploymentPostprocessing = 0;
		};
/* End PBXResourcesBuildPhase section */

/* Begin PBXSourcesBuildPhase section */
		EBD8F104233C26DC002ED00A /* Sources */ = {
			isa = PBXSourcesBuildPhase;
			buildActionMask = 2147483647;
			files = (
				EBD8F11E233C2798002ED00A /* Model.swift in Sources */,
				EBD8F10E233C26DC002ED00A /* ViewController.swift in Sources */,
				EBD8F122233C2BB5002ED00A /* customTableViewCell.swift in Sources */,
				EBD8F10C233C26DC002ED00A /* AppDelegate.swift in Sources */,
				EBD8F120233C2885002ED00A /* Dataservice.swift in Sources */,
			);
			runOnlyForDeploymentPostprocessing = 0;
		};
/* End PBXSourcesBuildPhase section */

/* Begin PBXVariantGroup section */
		EBD8F10F233C26DC002ED00A /* Main.storyboard */ = {
			isa = PBXVariantGroup;
			children = (
				EBD8F110233C26DC002ED00A /* Base */,
			);
			name = Main.storyboard;
			sourceTree = "<group>";
		};
		EBD8F114233C26DD002ED00A /* LaunchScreen.storyboard */ = {
			isa = PBXVariantGroup;
			children = (
				EBD8F115233C26DD002ED00A /* Base */,
			);
			name = LaunchScreen.storyboard;
			sourceTree = "<group>";
		};
/* End PBXVariantGroup section */

/* Begin XCBuildConfiguration section */
		EBD8F118233C26DD002ED00A /* Debug */ = {
			isa = XCBuildConfiguration;
			buildSettings = {
				ALWAYS_SEARCH_USER_PATHS = NO;
				CLANG_ANALYZER_NONNULL = YES;
				CLANG_ANALYZER_NUMBER_OBJECT_CONVERSION = YES_AGGRESSIVE;
				CLANG_CXX_LANGUAGE_STANDARD = "gnu++14";
				CLANG_CXX_LIBRARY = "libc++";
				CLANG_ENABLE_MODULES = YES;
				CLANG_ENABLE_OBJC_ARC = YES;
				CLANG_ENABLE_OBJC_WEAK = YES;
				CLANG_WARN_BLOCK_CAPTURE_AUTORELEASING = YES;
				CLANG_WARN_BOOL_CONVERSION = YES;
				CLANG_WARN_COMMA = YES;
				CLANG_WARN_CONSTANT_CONVERSION = YES;
				CLANG_WARN_DEPRECATED_OBJC_IMPLEMENTATIONS = YES;
				CLANG_WARN_DIRECT_OBJC_ISA_USAGE = YES_ERROR;
				CLANG_WARN_DOCUMENTATION_COMMENTS = YES;
				CLANG_WARN_EMPTY_BODY = YES;
				CLANG_WARN_ENUM_CONVERSION = YES;
				CLANG_WARN_INFINITE_RECURSION = YES;
				CLANG_WARN_INT_CONVERSION = YES;
				CLANG_WARN_NON_LITERAL_NULL_CONVERSION = YES;
				CLANG_WARN_OBJC_IMPLICIT_RETAIN_SELF = YES;
				CLANG_WARN_OBJC_LITERAL_CONVERSION = YES;
				CLANG_WARN_OBJC_ROOT_CLASS = YES_ERROR;
				CLANG_WARN_RANGE_LOOP_ANALYSIS = YES;
				CLANG_WARN_STRICT_PROTOTYPES = YES;
				CLANG_WARN_SUSPICIOUS_MOVE = YES;
				CLANG_WARN_UNGUARDED_AVAILABILITY = YES_AGGRESSIVE;
				CLANG_WARN_UNREACHABLE_CODE = YES;
				CLANG_WARN__DUPLICATE_METHOD_MATCH = YES;
				CODE_SIGN_IDENTITY = "iPhone Developer";
				COPY_PHASE_STRIP = NO;
				DEBUG_INFORMATION_FORMAT = dwarf;
				ENABLE_STRICT_OBJC_MSGSEND = YES;
				ENABLE_TESTABILITY = YES;
				GCC_C_LANGUAGE_STANDARD = gnu11;
				GCC_DYNAMIC_NO_PIC = NO;
				GCC_NO_COMMON_BLOCKS = YES;
				GCC_OPTIMIZATION_LEVEL = 0;
				GCC_PREPROCESSOR_DEFINITIONS = (
					"DEBUG=1",
					"$(inherited)",
				);
				GCC_WARN_64_TO_32_BIT_CONVERSION = YES;
				GCC_WARN_ABOUT_RETURN_TYPE = YES_ERROR;
				GCC_WARN_UNDECLARED_SELECTOR = YES;
				GCC_WARN_UNINITIALIZED_AUTOS = YES_AGGRESSIVE;
				GCC_WARN_UNUSED_FUNCTION = YES;
				GCC_WARN_UNUSED_VARIABLE = YES;
				IPHONEOS_DEPLOYMENT_TARGET = 12.1;
				MTL_ENABLE_DEBUG_INFO = INCLUDE_SOURCE;
				MTL_FAST_MATH = YES;
				ONLY_ACTIVE_ARCH = YES;
				SDKROOT = iphoneos;
				SWIFT_ACTIVE_COMPILATION_CONDITIONS = DEBUG;
				SWIFT_OPTIMIZATION_LEVEL = "-Onone";
			};
			name = Debug;
		};
		EBD8F119233C26DD002ED00A /* Release */ = {
			isa = XCBuildConfiguration;
			buildSettings = {
				ALWAYS_SEARCH_USER_PATHS = NO;
				CLANG_ANALYZER_NONNULL = YES;
				CLANG_ANALYZER_NUMBER_OBJECT_CONVERSION = YES_AGGRESSIVE;
				CLANG_CXX_LANGUAGE_STANDARD = "gnu++14";
				CLANG_CXX_LIBRARY = "libc++";
				CLANG_ENABLE_MODULES = YES;
				CLANG_ENABLE_OBJC_ARC = YES;
				CLANG_ENABLE_OBJC_WEAK = YES;
				CLANG_WARN_BLOCK_CAPTURE_AUTORELEASING = YES;
				CLANG_WARN_BOOL_CONVERSION = YES;
				CLANG_WARN_COMMA = YES;
				CLANG_WARN_CONSTANT_CONVERSION = YES;
				CLANG_WARN_DEPRECATED_OBJC_IMPLEMENTATIONS = YES;
				CLANG_WARN_DIRECT_OBJC_ISA_USAGE = YES_ERROR;
				CLANG_WARN_DOCUMENTATION_COMMENTS = YES;
				CLANG_WARN_EMPTY_BODY = YES;
				CLANG_WARN_ENUM_CONVERSION = YES;
				CLANG_WARN_INFINITE_RECURSION = YES;
				CLANG_WARN_INT_CONVERSION = YES;
				CLANG_WARN_NON_LITERAL_NULL_CONVERSION = YES;
				CLANG_WARN_OBJC_IMPLICIT_RETAIN_SELF = YES;
				CLANG_WARN_OBJC_LITERAL_CONVERSION = YES;
				CLANG_WARN_OBJC_ROOT_CLASS = YES_ERROR;
				CLANG_WARN_RANGE_LOOP_ANALYSIS = YES;
				CLANG_WARN_STRICT_PROTOTYPES = YES;
				CLANG_WARN_SUSPICIOUS_MOVE = YES;
				CLANG_WARN_UNGUARDED_AVAILABILITY = YES_AGGRESSIVE;
				CLANG_WARN_UNREACHABLE_CODE = YES;
				CLANG_WARN__DUPLICATE_METHOD_MATCH = YES;
				CODE_SIGN_IDENTITY = "iPhone Developer";
				COPY_PHASE_STRIP = NO;
				DEBUG_INFORMATION_FORMAT = "dwarf-with-dsym";
				ENABLE_NS_ASSERTIONS = NO;
				ENABLE_STRICT_OBJC_MSGSEND = YES;
				GCC_C_LANGUAGE_STANDARD = gnu11;
				GCC_NO_COMMON_BLOCKS = YES;
				GCC_WARN_64_TO_32_BIT_CONVERSION = YES;
				GCC_WARN_ABOUT_RETURN_TYPE = YES_ERROR;
				GCC_WARN_UNDECLARED_SELECTOR = YES;
				GCC_WARN_UNINITIALIZED_AUTOS = YES_AGGRESSIVE;
				GCC_WARN_UNUSED_FUNCTION = YES;
				GCC_WARN_UNUSED_VARIABLE = YES;
				IPHONEOS_DEPLOYMENT_TARGET = 12.1;
				MTL_ENABLE_DEBUG_INFO = NO;
				MTL_FAST_MATH = YES;
				SDKROOT = iphoneos;
				SWIFT_COMPILATION_MODE = wholemodule;
				SWIFT_OPTIMIZATION_LEVEL = "-O";
				VALIDATE_PRODUCT = YES;
			};
			name = Release;
		};
		EBD8F11B233C26DD002ED00A /* Debug */ = {
			isa = XCBuildConfiguration;
			buildSettings = {
				ASSETCATALOG_COMPILER_APPICON_NAME = AppIcon;
				CODE_SIGN_STYLE = Automatic;
				DEVELOPMENT_TEAM = "";
				INFOPLIST_FILE = GetDataGitLoadMore/Info.plist;
				IPHONEOS_DEPLOYMENT_TARGET = 12;
				LD_RUNPATH_SEARCH_PATHS = (
					"$(inherited)",
					"@executable_path/Frameworks",
				);
				PRODUCT_BUNDLE_IDENTIFIER = Big0.GetDataGitLoadMore;
				PRODUCT_NAME = "$(TARGET_NAME)";
				SWIFT_VERSION = 4.2;
				TARGETED_DEVICE_FAMILY = "1,2";
			};
			name = Debug;
		};
		EBD8F11C233C26DD002ED00A /* Release */ = {
			isa = XCBuildConfiguration;
			buildSettings = {
				ASSETCATALOG_COMPILER_APPICON_NAME = AppIcon;
				CODE_SIGN_STYLE = Automatic;
				DEVELOPMENT_TEAM = "";
				INFOPLIST_FILE = GetDataGitLoadMore/Info.plist;
				IPHONEOS_DEPLOYMENT_TARGET = 12;
				LD_RUNPATH_SEARCH_PATHS = (
					"$(inherited)",
					"@executable_path/Frameworks",
				);
				PRODUCT_BUNDLE_IDENTIFIER = Big0.GetDataGitLoadMore;
				PRODUCT_NAME = "$(TARGET_NAME)";
				SWIFT_VERSION = 4.2;
				TARGETED_DEVICE_FAMILY = "1,2";
			};
			name = Release;
		};
/* End XCBuildConfiguration section */

/* Begin XCConfigurationList section */
		EBD8F103233C26DC002ED00A /* Build configuration list for PBXProject "GetDataGitLoadMore" */ = {
			isa = XCConfigurationList;
			buildConfigurations = (
				EBD8F118233C26DD002ED00A /* Debug */,
				EBD8F119233C26DD002ED00A /* Release */,
			);
			defaultConfigurationIsVisible = 0;
			defaultConfigurationName = Release;
		};
		EBD8F11A233C26DD002ED00A /* Build configuration list for PBXNativeTarget "GetDataGitLoadMore" */ = {
			isa = XCConfigurationList;
			buildConfigurations = (
				EBD8F11B233C26DD002ED00A /* Debug */,
				EBD8F11C233C26DD002ED00A /* Release */,
			);
			defaultConfigurationIsVisible = 0;
			defaultConfigurationName = Release;
		};
/* End XCConfigurationList section */
	};
	rootObject = EBD8F100233C26DC002ED00A /* Project object */;
}
